
Microsoft Visual Studio Solution File, Format Version 12.00
# Visual Studio 15
VisualStudioVersion = 15.0.28307.779
MinimumVisualStudioVersion = 10.0.40219.1
Project("{FAE04EC0-301F-11D3-BF4B-00C04F79EFBC}") = "FlyingAdvanced", "FlyingAdvanced\FlyingAdvanced.csproj", "{8DBD934B-96DA-4182-AD28-6BE30BDB5F3A}"
EndProject
Global
	GlobalSection(SolutionConfigurationPlatforms) = preSolution
		Debug|Any CPU = Debug|Any CPU
		Release|Any CPU = Release|Any CPU
	EndGlobalSection
	GlobalSection(ProjectConfigurationPlatforms) = postSolution
		{8DBD934B-96DA-4182-AD28-6BE30BDB5F3A}.Debug|Any CPU.ActiveCfg = Debug|Any CPU
		{8DBD934B-96DA-4182-AD28-6BE30BDB5F3A}.Debug|Any CPU.Build.0 = Debug|Any CPU
		{8DBD934B-96DA-4182-AD28-6BE30BDB5F3A}.Release|Any CPU.ActiveCfg = Release|Any CPU
		{8DBD934B-96DA-4182-AD28-6BE30BDB5F3A}.Release|Any CPU.Build.0 = Release|Any CPU
	EndGlobalSection
	GlobalSection(SolutionProperties) = preSolution
		HideSolutionNode = FALSE
	EndGlobalSection
	GlobalSection(ExtensibilityGlobals) = postSolution
		SolutionGuid = {33E1A86B-C967-4468-88EC-ED9C86EFC651}
	EndGlobalSection
EndGlobal
